{
    "name": "mbanc-press",
    "version": "1.0.0",
    "lockfileVersion": 1,
    "requires": true,
    "dependencies": {
        "@babel/core": {
            "version": "7.15.0",
            "dev": true,
            "requires": {
                "@babel/types": "^7.15.0"
            }
        },
        "@babel/plugin-syntax-typescript": {
            "version": "7.14.5",
            "dev": true
        },
        "@babel/plugin-transform-typescript": {
            "version": "7.15.0",
            "dev": true,
            "requires": {
                "@babel/plugin-syntax-typescript": "^7.14.5"
            }
        },
        "@babel/preset-typescript": {
            "version": "7.15.0",
            "dev": true,
            "requires": {
                "@babel/plugin-transform-typescript": "^7.15.0"
            }
        },
        "@babel/types": {
            "version": "7.15.0",
            "dev": true
        },
        "@eslint/eslintrc": {
            "version": "0.4.3",
            "dev": true
        },
        "@fortawesome/fontawesome-common-types": {
            "version": "0.2.36"
        },
        "@fortawesome/fontawesome-svg-core": {
            "version": "1.2.36",
            "requires": {
                "@fortawesome/fontawesome-common-types": "^0.2.36"
            }
        },
        "@fortawesome/free-brands-svg-icons": {
            "version": "5.15.4",
            "requires": {
                "@fortawesome/fontawesome-common-types": "^0.2.36"
            }
        },
        "@fortawesome/free-solid-svg-icons": {
            "version": "5.15.4",
            "requires": {
                "@fortawesome/fontawesome-common-types": "^0.2.36"
            }
        },
        "@fortawesome/react-fontawesome": {
            "version": "0.1.15",
            "requires": {
                "prop-types": "^15.7.2"
            }
        },
        "@jest/types": {
            "version": "27.0.6",
            "dev": true,
            "requires": {
                "@types/istanbul-lib-coverage": "^2.0.0",
                "@types/istanbul-reports": "^3.0.0",
                "@types/node": "*",
                "@types/yargs": "^16.0.0"
            }
        },
        "@next/eslint-plugin-next": {
            "version": "11.1.0",
            "dev": true
        },
        "@react-spring/types": {},
        "@rushstack/eslint-patch": {
            "version": "1.0.6",
            "dev": true
        },
        "@testing-library/jest-dom": {
            "version": "5.14.1",
            "dev": true,
            "requires": {
                "@types/testing-library__jest-dom": "^5.9.1"
            }
        },
        "@testing-library/react": {
            "version": "12.0.0",
            "dev": true
        },
        "@testing-library/react-hooks": {
            "version": "7.0.1",
            "dev": true,
            "requires": {
                "@types/react": ">=16.9.0",
                "@types/react-dom": ">=16.9.0",
                "@types/react-test-renderer": ">=16.9.0"
            }
        },
        "@types/aria-query": {},
        "@types/babel__core": {
            "version": "7.1.15",
            "dev": true,
            "requires": {
                "@babel/types": "^7.0.0",
                "@types/babel__generator": "*",
                "@types/babel__template": "*",
                "@types/babel__traverse": "*"
            }
        },
        "@types/babel__generator": {
            "version": "7.6.3",
            "dev": true,
            "requires": {
                "@babel/types": "^7.0.0"
            }
        },
        "@types/babel__template": {
            "version": "7.4.1",
            "dev": true,
            "requires": {
                "@babel/types": "^7.0.0"
            }
        },
        "@types/babel__traverse": {
            "version": "7.14.2",
            "dev": true,
            "requires": {
                "@babel/types": "^7.3.0"
            }
        },
        "@types/estree": {},
        "@types/glob": {
            "requires": {
                "@types/minimatch": "*",
                "@types/node": "*"
            }
        },
        "@types/graceful-fs": {
            "requires": {
                "@types/node": "*"
            }
        },
        "@types/istanbul-lib-coverage": {
            "version": "2.0.3",
            "dev": true
        },
        "@types/istanbul-lib-report": {
            "version": "3.0.0",
            "dev": true,
            "requires": {
                "@types/istanbul-lib-coverage": "*"
            }
        },
        "@types/istanbul-reports": {
            "version": "3.0.1",
            "dev": true,
            "requires": {
                "@types/istanbul-lib-report": "*"
            }
        },
        "@types/jest": {
            "version": "27.0.1",
            "dev": true
        },
        "@types/json-schema": {},
        "@types/json5": {},
        "@types/minimatch": {
            "version": "3.0.5"
        },
        "@types/node": {
            "version": "16.7.1"
        },
        "@types/prettier": {},
        "@types/prop-types": {
            "version": "15.7.4",
            "dev": true
        },
        "@types/react": {
            "version": "17.0.19",
            "dev": true,
            "requires": {
                "@types/prop-types": "*",
                "@types/scheduler": "*"
            }
        },
        "@types/react-dom": {
            "version": "17.0.9",
            "dev": true,
            "requires": {
                "@types/react": "*"
            }
        },
        "@types/react-test-renderer": {
            "version": "17.0.1",
            "dev": true,
            "requires": {
                "@types/react": "*"
            }
        },
        "@types/resolve": {
            "requires": {
                "@types/node": "*"
            }
        },
        "@types/scheduler": {
            "version": "0.16.2",
            "dev": true
        },
        "@types/source-list-map": {
            "version": "0.1.2"
        },
        "@types/stack-utils": {},
        "@types/tapable": {
            "version": "1.0.8"
        },
        "@types/testing-library__jest-dom": {
            "version": "5.14.1",
            "dev": true,
            "requires": {
                "@types/jest": "*"
            }
        },
        "@types/trusted-types": {},
        "@types/uglify-js": {
            "version": "3.13.1"
        },
        "@types/webpack": {
            "requires": {
                "@types/node": "*",
                "@types/tapable": "^1",
                "@types/uglify-js": "*",
                "@types/webpack-sources": "*"
            }
        },
        "@types/webpack-sources": {
            "version": "3.2.0",
            "requires": {
                "@types/node": "*",
                "@types/source-list-map": "*"
            }
        },
        "@types/yargs": {
            "version": "16.0.4",
            "dev": true,
            "requires": {
                "@types/yargs-parser": "*"
            }
        },
        "@types/yargs-parser": {
            "version": "20.2.1",
            "dev": true
        },
        "@typescript-eslint/parser": {
            "version": "4.29.3",
            "dev": true,
            "requires": {
                "@typescript-eslint/scope-manager": "4.29.3",
                "@typescript-eslint/types": "4.29.3",
                "@typescript-eslint/typescript-estree": "4.29.3"
            }
        },
        "@typescript-eslint/scope-manager": {
            "version": "4.29.3",
            "dev": true,
            "requires": {
                "@typescript-eslint/types": "4.29.3",
                "@typescript-eslint/visitor-keys": "4.29.3"
            }
        },
        "@typescript-eslint/types": {
            "version": "4.29.3",
            "dev": true
        },
        "@typescript-eslint/typescript-estree": {
            "version": "4.29.3",
            "dev": true,
            "requires": {
                "@typescript-eslint/types": "4.29.3",
                "@typescript-eslint/visitor-keys": "4.29.3"
            }
        },
        "@typescript-eslint/visitor-keys": {
            "version": "4.29.3",
            "dev": true,
            "requires": {
                "@typescript-eslint/types": "4.29.3",
                "eslint-visitor-keys": "^2.0.0"
            }
        },
        "ast-types": {
            "version": "0.13.2"
        },
        "ast-types-flow": {
            "version": "0.0.7",
            "dev": true
        },
        "babel-jest": {
            "version": "27.0.6",
            "dev": true,
            "requires": {
                "@jest/types": "^27.0.6",
                "@types/babel__core": "^7.1.14"
            }
        },
        "eslint": {
            "version": "7.32.0",
            "dev": true,
            "requires": {
                "@eslint/eslintrc": "^0.4.3",
                "eslint-scope": "^5.1.1",
                "eslint-utils": "^2.1.0",
                "eslint-visitor-keys": "^2.0.0"
            }
        },
        "eslint-config-next": {
            "version": "11.1.0",
            "dev": true,
            "requires": {
                "@next/eslint-plugin-next": "11.1.0",
                "@rushstack/eslint-patch": "^1.0.6",
                "@typescript-eslint/parser": "^4.20.0",
                "eslint-import-resolver-node": "^0.3.4",
                "eslint-import-resolver-typescript": "^2.4.0",
                "eslint-plugin-import": "^2.22.1",
                "eslint-plugin-jsx-a11y": "^6.4.1",
                "eslint-plugin-react": "^7.23.1",
                "eslint-plugin-react-hooks": "^4.2.0"
            }
        },
        "eslint-import-resolver-node": {
            "version": "0.3.6",
            "dev": true
        },
        "eslint-import-resolver-typescript": {
            "version": "2.4.0",
            "dev": true
        },
        "eslint-module-utils": {
            "version": "2.6.2",
            "dev": true
        },
        "eslint-plugin-import": {
            "version": "2.24.2",
            "dev": true,
            "requires": {
                "eslint-import-resolver-node": "^0.3.6",
                "eslint-module-utils": "^2.6.2"
            }
        },
        "eslint-plugin-jsx-a11y": {
            "version": "6.4.1",
            "dev": true,
            "requires": {
                "ast-types-flow": "^0.0.7"
            }
        },
        "eslint-plugin-react": {
            "version": "7.24.0",
            "dev": true,
            "requires": {
                "prop-types": "^15.7.2"
            }
        },
        "eslint-plugin-react-hooks": {
            "version": "4.2.0",
            "dev": true
        },
        "eslint-scope": {
            "version": "5.1.1",
            "dev": true
        },
        "eslint-utils": {
            "version": "2.1.0",
            "dev": true
        },
        "eslint-visitor-keys": {
            "version": "2.1.0",
            "dev": true
        },
        "identity-obj-proxy": {
            "version": "3.0.0",
            "dev": true
        },
        "jest": {
            "version": "27.0.6",
            "dev": true
        },
        "mime-types": {},
        "next": {
            "version": "11.1.0",
            "requires": {
                "ast-types": "0.13.2"
            }
        },
        "next-pwa": {
            "version": "5.3.1"
        },
        "prop-types": {
            "version": "15.7.2"
        },
        "react": {
            "version": "17.0.2"
        },
        "react-dom": {
            "version": "17.0.2"
        },
        "react-spring": {
            "version": "9.2.4"
        },
        "sass": {
            "version": "1.38.1",
            "dev": true
        },
        "ts-jest": {
            "version": "27.0.5",
            "dev": true
        },
        "typescript": {
            "version": "4.3.5",
            "dev": true
        }
    }
}
